
Microsoft Visual Studio Solution File, Format Version 12.00
# Visual Studio Version 16
VisualStudioVersion = 16.0.33529.622
MinimumVisualStudioVersion = 10.0.40219.1
Project("{FAE04EC0-301F-11D3-BF4B-00C04F79EFBC}") = "Poo_vehiculo", "Poo_vehiculo\Poo_vehiculo.csproj", "{FE408476-CF77-4991-89C0-9291F13287C9}"
EndProject
Global
	GlobalSection(SolutionConfigurationPlatforms) = preSolution
		Debug|Any CPU = Debug|Any CPU
		Release|Any CPU = Release|Any CPU
	EndGlobalSection
	GlobalSection(ProjectConfigurationPlatforms) = postSolution
		{FE408476-CF77-4991-89C0-9291F13287C9}.Debug|Any CPU.ActiveCfg = Debug|Any CPU
		{FE408476-CF77-4991-89C0-9291F13287C9}.Debug|Any CPU.Build.0 = Debug|Any CPU
		{FE408476-CF77-4991-89C0-9291F13287C9}.Release|Any CPU.ActiveCfg = Release|Any CPU
		{FE408476-CF77-4991-89C0-9291F13287C9}.Release|Any CPU.Build.0 = Release|Any CPU
	EndGlobalSection
	GlobalSection(SolutionProperties) = preSolution
		HideSolutionNode = FALSE
	EndGlobalSection
	GlobalSection(ExtensibilityGlobals) = postSolution
		SolutionGuid = {4EE63FDF-727A-4E21-ABBE-C3B6F65EB6B8}
	EndGlobalSection
EndGlobal
