
Microsoft Visual Studio Solution File, Format Version 12.00
# Visual Studio Version 16
VisualStudioVersion = 16.0.33529.622
MinimumVisualStudioVersion = 10.0.40219.1
Project("{FAE04EC0-301F-11D3-BF4B-00C04F79EFBC}") = "Poo_Foto", "Poo_Foto\Poo_Foto.csproj", "{783393D3-D8D8-4EFD-865A-1F85680A4006}"
EndProject
Global
	GlobalSection(SolutionConfigurationPlatforms) = preSolution
		Debug|Any CPU = Debug|Any CPU
		Release|Any CPU = Release|Any CPU
	EndGlobalSection
	GlobalSection(ProjectConfigurationPlatforms) = postSolution
		{783393D3-D8D8-4EFD-865A-1F85680A4006}.Debug|Any CPU.ActiveCfg = Debug|Any CPU
		{783393D3-D8D8-4EFD-865A-1F85680A4006}.Debug|Any CPU.Build.0 = Debug|Any CPU
		{783393D3-D8D8-4EFD-865A-1F85680A4006}.Release|Any CPU.ActiveCfg = Release|Any CPU
		{783393D3-D8D8-4EFD-865A-1F85680A4006}.Release|Any CPU.Build.0 = Release|Any CPU
	EndGlobalSection
	GlobalSection(SolutionProperties) = preSolution
		HideSolutionNode = FALSE
	EndGlobalSection
	GlobalSection(ExtensibilityGlobals) = postSolution
		SolutionGuid = {73529636-96C1-465C-985D-BA16AC799717}
	EndGlobalSection
EndGlobal
